
Microsoft Visual Studio Solution File, Format Version 12.00
Project("{FAE04EC0-301F-11D3-BF4B-00C04F79EFBC}") = "DynamicForms", "DynamicForms\DynamicForms.csproj", "{D4C97BF7-CA3F-4900-8547-5934A9CAA59D}"
EndProject
Global
	GlobalSection(SolutionConfigurationPlatforms) = preSolution
		Debug|Any CPU = Debug|Any CPU
		Release|Any CPU = Release|Any CPU
	EndGlobalSection
	GlobalSection(ProjectConfigurationPlatforms) = postSolution
		{D4C97BF7-CA3F-4900-8547-5934A9CAA59D}.Debug|Any CPU.ActiveCfg = Debug|Any CPU
		{D4C97BF7-CA3F-4900-8547-5934A9CAA59D}.Debug|Any CPU.Build.0 = Debug|Any CPU
		{D4C97BF7-CA3F-4900-8547-5934A9CAA59D}.Release|Any CPU.ActiveCfg = Release|Any CPU
		{D4C97BF7-CA3F-4900-8547-5934A9CAA59D}.Release|Any CPU.Build.0 = Release|Any CPU
	EndGlobalSection
EndGlobal
